
Microsoft Visual Studio Solution File, Format Version 12.00
# Visual Studio Version 16
VisualStudioVersion = 25.0.1704.3
MinimumVisualStudioVersion = 10.0.40219.1
Project("{FAE04EC0-301F-11D3-BF4B-00C04F79EFBC}") = "api-bharat-lawns", "api-bharat-lawns\api-bharat-lawns.csproj", "{A2D57F89-91D6-4E69-9FC3-B72496403A9C}"
EndProject
Global
	GlobalSection(SolutionConfigurationPlatforms) = preSolution
		Debug|Any CPU = Debug|Any CPU
		Release|Any CPU = Release|Any CPU
	EndGlobalSection
	GlobalSection(ProjectConfigurationPlatforms) = postSolution
		{A2D57F89-91D6-4E69-9FC3-B72496403A9C}.Debug|Any CPU.ActiveCfg = Debug|Any CPU
		{A2D57F89-91D6-4E69-9FC3-B72496403A9C}.Debug|Any CPU.Build.0 = Debug|Any CPU
		{A2D57F89-91D6-4E69-9FC3-B72496403A9C}.Release|Any CPU.ActiveCfg = Release|Any CPU
		{A2D57F89-91D6-4E69-9FC3-B72496403A9C}.Release|Any CPU.Build.0 = Release|Any CPU
	EndGlobalSection
	GlobalSection(SolutionProperties) = preSolution
		HideSolutionNode = FALSE
	EndGlobalSection
	GlobalSection(ExtensibilityGlobals) = postSolution
		SolutionGuid = {9395638C-A71A-4991-9EF1-348E362B6A6D}
	EndGlobalSection
EndGlobal
